
Microsoft Visual Studio Solution File, Format Version 11.00
# Visual Studio 2010
Project("{FAE04EC0-301F-11D3-BF4B-00C04F79EFBC}") = "NugetInVSTemplates", "NugetInVSTemplates\NugetInVSTemplates.csproj", "{0B90E21F-F691-4BEC-B3FA-5CD5B0ABB740}"
EndProject
Project("{FAE04EC0-301F-11D3-BF4B-00C04F79EFBC}") = "DowJones.MvcApplication", "DowJones.MvcApplication\DowJones.MvcApplication.csproj", "{7CDD599E-26B4-446D-BB3B-146281B29BDD}"
EndProject
Global
	GlobalSection(TeamFoundationVersionControl) = preSolution
		SccNumberOfProjects = 3
		SccEnterpriseProvider = {4CA58AB2-18FA-4F8D-95D4-32DDF27D184C}
		SccTeamFoundationServer = http://sbknwstfs1:8080/tfs/defaultcollection
		SccLocalPath0 = .
		SccProjectUniqueName1 = DowJones.MvcApplication\\DowJones.MvcApplication.csproj
		SccProjectName1 = DowJones.MvcApplication
		SccLocalPath1 = DowJones.MvcApplication
		SccProjectUniqueName2 = NugetInVSTemplates\\NugetInVSTemplates.csproj
		SccProjectName2 = NugetInVSTemplates
		SccLocalPath2 = NugetInVSTemplates
	EndGlobalSection
	GlobalSection(SolutionConfigurationPlatforms) = preSolution
		Debug|Any CPU = Debug|Any CPU
		Release|Any CPU = Release|Any CPU
	EndGlobalSection
	GlobalSection(ProjectConfigurationPlatforms) = postSolution
		{0B90E21F-F691-4BEC-B3FA-5CD5B0ABB740}.Debug|Any CPU.ActiveCfg = Debug|Any CPU
		{0B90E21F-F691-4BEC-B3FA-5CD5B0ABB740}.Debug|Any CPU.Build.0 = Debug|Any CPU
		{0B90E21F-F691-4BEC-B3FA-5CD5B0ABB740}.Release|Any CPU.ActiveCfg = Release|Any CPU
		{0B90E21F-F691-4BEC-B3FA-5CD5B0ABB740}.Release|Any CPU.Build.0 = Release|Any CPU
		{7CDD599E-26B4-446D-BB3B-146281B29BDD}.Debug|Any CPU.ActiveCfg = Debug|Any CPU
		{7CDD599E-26B4-446D-BB3B-146281B29BDD}.Debug|Any CPU.Build.0 = Debug|Any CPU
		{7CDD599E-26B4-446D-BB3B-146281B29BDD}.Release|Any CPU.ActiveCfg = Release|Any CPU
		{7CDD599E-26B4-446D-BB3B-146281B29BDD}.Release|Any CPU.Build.0 = Release|Any CPU
	EndGlobalSection
	GlobalSection(SolutionProperties) = preSolution
		HideSolutionNode = FALSE
	EndGlobalSection
EndGlobal
