
Microsoft Visual Studio Solution File, Format Version 11.00
# Visual Studio 2010
Project("{FAE04EC0-301F-11D3-BF4B-00C04F79EFBC}") = "DowJones.Infrastructure.SocialMedia", "DowJones.Infrastructure.SocialMedia\DowJones.Infrastructure.SocialMedia.csproj", "{F30151AE-CC42-49CC-AE7F-D319DA348DCD}"
EndProject
Project("{FAE04EC0-301F-11D3-BF4B-00C04F79EFBC}") = "DowJones.Infrastructure.SocialMedia.Tests", "DowJones.Infrastructure.SocialMedia.Tests\DowJones.Infrastructure.SocialMedia.Tests.csproj", "{BDC5AA8D-3DCE-46CD-8915-6F6D826DE67C}"
EndProject
Project("{2150E333-8FDC-42A3-9474-1A3956D46DE8}") = "Solution Items", "Solution Items", "{90E8308F-9979-4F38-B5F9-7B57F32C0161}"
	ProjectSection(SolutionItems) = preProject
		Local.testsettings = Local.testsettings
		SuliaDemo.vsmdi = SuliaDemo.vsmdi
		TraceAndTestImpact.testsettings = TraceAndTestImpact.testsettings
	EndProjectSection
EndProject
Project("{FAE04EC0-301F-11D3-BF4B-00C04F79EFBC}") = "TwitterTestApplication", "..\..\..\..\..\..\Projects\VS2010\TwitterTestApplication\TwitterTestApplication.csproj", "{639FA8D7-3B68-4CDF-9F19-EDE6D7ECF97F}"
EndProject
Global
	GlobalSection(TeamFoundationVersionControl) = preSolution
		SccNumberOfProjects = 4
		SccEnterpriseProvider = {4CA58AB2-18FA-4F8D-95D4-32DDF27D184C}
		SccTeamFoundationServer = http://sbknwstfs1:8080/tfs/defaultcollection
		SccLocalPath0 = .
		SccProjectUniqueName1 = DowJones.Infrastructure.SocialMedia.Tests\\DowJones.Infrastructure.SocialMedia.Tests.csproj
		SccProjectName1 = DowJones.Infrastructure.SocialMedia.Tests
		SccLocalPath1 = DowJones.Infrastructure.SocialMedia.Tests
		SccProjectUniqueName2 = DowJones.Infrastructure.SocialMedia\\DowJones.Infrastructure.SocialMedia.csproj
		SccProjectName2 = DowJones.Infrastructure.SocialMedia
		SccLocalPath2 = DowJones.Infrastructure.SocialMedia
		SccProjectUniqueName3 = ..\\..\\..\\..\\..\\..\\Projects\\VS2010\\TwitterTestApplication\\TwitterTestApplication.csproj
		SccProjectName3 = TwitterTestApplication
		SccLocalPath3 = ..\\..\\..\\..\\..\\..\\Projects\\VS2010\\TwitterTestApplication
	EndGlobalSection
	GlobalSection(TestCaseManagementSettings) = postSolution
		CategoryFile = SuliaDemo.vsmdi
	EndGlobalSection
	GlobalSection(SolutionConfigurationPlatforms) = preSolution
		Debug|Any CPU = Debug|Any CPU
		Release|Any CPU = Release|Any CPU
	EndGlobalSection
	GlobalSection(ProjectConfigurationPlatforms) = postSolution
		{F30151AE-CC42-49CC-AE7F-D319DA348DCD}.Debug|Any CPU.ActiveCfg = Debug|Any CPU
		{F30151AE-CC42-49CC-AE7F-D319DA348DCD}.Debug|Any CPU.Build.0 = Debug|Any CPU
		{F30151AE-CC42-49CC-AE7F-D319DA348DCD}.Release|Any CPU.ActiveCfg = Release|Any CPU
		{F30151AE-CC42-49CC-AE7F-D319DA348DCD}.Release|Any CPU.Build.0 = Release|Any CPU
		{BDC5AA8D-3DCE-46CD-8915-6F6D826DE67C}.Debug|Any CPU.ActiveCfg = Debug|Any CPU
		{BDC5AA8D-3DCE-46CD-8915-6F6D826DE67C}.Debug|Any CPU.Build.0 = Debug|Any CPU
		{BDC5AA8D-3DCE-46CD-8915-6F6D826DE67C}.Release|Any CPU.ActiveCfg = Release|Any CPU
		{BDC5AA8D-3DCE-46CD-8915-6F6D826DE67C}.Release|Any CPU.Build.0 = Release|Any CPU
		{639FA8D7-3B68-4CDF-9F19-EDE6D7ECF97F}.Debug|Any CPU.ActiveCfg = Debug|Any CPU
		{639FA8D7-3B68-4CDF-9F19-EDE6D7ECF97F}.Debug|Any CPU.Build.0 = Debug|Any CPU
		{639FA8D7-3B68-4CDF-9F19-EDE6D7ECF97F}.Release|Any CPU.ActiveCfg = Release|Any CPU
		{639FA8D7-3B68-4CDF-9F19-EDE6D7ECF97F}.Release|Any CPU.Build.0 = Release|Any CPU
	EndGlobalSection
	GlobalSection(SolutionProperties) = preSolution
		HideSolutionNode = FALSE
	EndGlobalSection
EndGlobal
