
Microsoft Visual Studio Solution File, Format Version 11.00
# Visual Studio 2010
Project("{FAE04EC0-301F-11D3-BF4B-00C04F79EFBC}") = "RazorViewComponentClassGenerator.Tests", "RazorViewComponentClassGenerator.Tests\RazorViewComponentClassGenerator.Tests.csproj", "{507CA8A4-E142-4111-91CF-F7F0786338A1}"
EndProject
Project("{FAE04EC0-301F-11D3-BF4B-00C04F79EFBC}") = "RazorViewComponentClassGenerator", "RazorViewComponentClassGenerator\RazorViewComponentClassGenerator.csproj", "{461089E7-008E-4737-BA17-E1FCD1CC3D0E}"
EndProject
Project("{FAE04EC0-301F-11D3-BF4B-00C04F79EFBC}") = "DowJones.Web.Razor", "DowJones.Web.Razor\DowJones.Web.Razor.csproj", "{E11C6B56-1757-4FC8-95E7-3E98E9CE64F8}"
EndProject
Global
	GlobalSection(TeamFoundationVersionControl) = preSolution
		SccNumberOfProjects = 4
		SccEnterpriseProvider = {4CA58AB2-18FA-4F8D-95D4-32DDF27D184C}
		SccTeamFoundationServer = http://sbknwstfs1:8080/tfs/defaultcollection
		SccLocalPath0 = .
		SccProjectUniqueName1 = RazorViewComponentClassGenerator.Tests\\RazorViewComponentClassGenerator.Tests.csproj
		SccProjectName1 = RazorViewComponentClassGenerator.Tests
		SccLocalPath1 = RazorViewComponentClassGenerator.Tests
		SccProjectUniqueName2 = RazorViewComponentClassGenerator\\RazorViewComponentClassGenerator.csproj
		SccProjectName2 = RazorViewComponentClassGenerator
		SccLocalPath2 = RazorViewComponentClassGenerator
		SccProjectUniqueName3 = DowJones.Web.Razor\\DowJones.Web.Razor.csproj
		SccProjectName3 = DowJones.Web.Razor
		SccLocalPath3 = DowJones.Web.Razor
	EndGlobalSection
	GlobalSection(SolutionConfigurationPlatforms) = preSolution
		Debug|Any CPU = Debug|Any CPU
		Release|Any CPU = Release|Any CPU
	EndGlobalSection
	GlobalSection(ProjectConfigurationPlatforms) = postSolution
		{507CA8A4-E142-4111-91CF-F7F0786338A1}.Debug|Any CPU.ActiveCfg = Debug|Any CPU
		{507CA8A4-E142-4111-91CF-F7F0786338A1}.Debug|Any CPU.Build.0 = Debug|Any CPU
		{507CA8A4-E142-4111-91CF-F7F0786338A1}.Release|Any CPU.ActiveCfg = Release|Any CPU
		{507CA8A4-E142-4111-91CF-F7F0786338A1}.Release|Any CPU.Build.0 = Release|Any CPU
		{461089E7-008E-4737-BA17-E1FCD1CC3D0E}.Debug|Any CPU.ActiveCfg = Debug|Any CPU
		{461089E7-008E-4737-BA17-E1FCD1CC3D0E}.Debug|Any CPU.Build.0 = Debug|Any CPU
		{461089E7-008E-4737-BA17-E1FCD1CC3D0E}.Release|Any CPU.ActiveCfg = Release|Any CPU
		{461089E7-008E-4737-BA17-E1FCD1CC3D0E}.Release|Any CPU.Build.0 = Release|Any CPU
		{E11C6B56-1757-4FC8-95E7-3E98E9CE64F8}.Debug|Any CPU.ActiveCfg = Debug|Any CPU
		{E11C6B56-1757-4FC8-95E7-3E98E9CE64F8}.Debug|Any CPU.Build.0 = Debug|Any CPU
		{E11C6B56-1757-4FC8-95E7-3E98E9CE64F8}.Release|Any CPU.ActiveCfg = Release|Any CPU
		{E11C6B56-1757-4FC8-95E7-3E98E9CE64F8}.Release|Any CPU.Build.0 = Release|Any CPU
	EndGlobalSection
	GlobalSection(SolutionProperties) = preSolution
		HideSolutionNode = FALSE
	EndGlobalSection
EndGlobal
