
Microsoft Visual Studio Solution File, Format Version 11.00
# Visual Studio 2010
Project("{FAE04EC0-301F-11D3-BF4B-00C04F79EFBC}") = "ClientSideTemplates", "ClientSideTemplates\ClientSideTemplates.csproj", "{45D6677A-F105-44A2-8C95-46A9053866FC}"
EndProject
Global
	GlobalSection(TeamFoundationVersionControl) = preSolution
		SccNumberOfProjects = 2
		SccEnterpriseProvider = {4CA58AB2-18FA-4F8D-95D4-32DDF27D184C}
		SccTeamFoundationServer = http://sbknwstfsdev1:8080/
		SccLocalPath0 = .
		SccProjectUniqueName1 = ClientSideTemplates\\ClientSideTemplates.csproj
		SccProjectName1 = ClientSideTemplates
		SccLocalPath1 = ClientSideTemplates
	EndGlobalSection
	GlobalSection(SolutionConfigurationPlatforms) = preSolution
		Debug|Any CPU = Debug|Any CPU
		Release|Any CPU = Release|Any CPU
	EndGlobalSection
	GlobalSection(ProjectConfigurationPlatforms) = postSolution
		{45D6677A-F105-44A2-8C95-46A9053866FC}.Debug|Any CPU.ActiveCfg = Debug|Any CPU
		{45D6677A-F105-44A2-8C95-46A9053866FC}.Release|Any CPU.ActiveCfg = Release|Any CPU
		{45D6677A-F105-44A2-8C95-46A9053866FC}.Release|Any CPU.Build.0 = Release|Any CPU
	EndGlobalSection
	GlobalSection(SolutionProperties) = preSolution
		HideSolutionNode = FALSE
	EndGlobalSection
EndGlobal
