
Microsoft Visual Studio Solution File, Format Version 12.00
# Visual Studio 2012
Project("{FAE04EC0-301F-11D3-BF4B-00C04F79EFBC}") = "DowJones.MvcShowcase", "MVCShowcase\DowJones.MvcShowcase.csproj", "{4F77E1DE-77E9-425C-B140-5F24680A0113}"
EndProject
Global
	GlobalSection(TeamFoundationVersionControl) = preSolution
		SccEnterpriseProvider = {4CA58AB2-18FA-4F8D-95D4-32DDF27D184C}
		SccLocalPath0 = MVCShowcase
		SccLocalPath1 = .
		SccNumberOfProjects = 2
		SccProjectName0 = MVCShowcase
		SccProjectUniqueName0 = MVCShowcase\\DowJones.MVCShowcase.csproj
		SccTeamFoundationServer = http://sbknwstfs1:8080/tfs/defaultcollection
	EndGlobalSection
	GlobalSection(SolutionConfigurationPlatforms) = preSolution
		Debug|Any CPU = Debug|Any CPU
		Release|Any CPU = Release|Any CPU
	EndGlobalSection
	GlobalSection(ProjectConfigurationPlatforms) = postSolution
		{4F77E1DE-77E9-425C-B140-5F24680A0113}.Debug|Any CPU.ActiveCfg = Debug|Any CPU
		{4F77E1DE-77E9-425C-B140-5F24680A0113}.Debug|Any CPU.Build.0 = Debug|Any CPU
		{4F77E1DE-77E9-425C-B140-5F24680A0113}.Release|Any CPU.ActiveCfg = Release|Any CPU
		{4F77E1DE-77E9-425C-B140-5F24680A0113}.Release|Any CPU.Build.0 = Release|Any CPU
	EndGlobalSection
	GlobalSection(SolutionProperties) = preSolution
		HideSolutionNode = FALSE
	EndGlobalSection
EndGlobal
