
Microsoft Visual Studio Solution File, Format Version 12.00
# Visual Studio 2012
Project("{FAE04EC0-301F-11D3-BF4B-00C04F79EFBC}") = "Website", "Website\Website.csproj", "{91B09179-8BB5-4A39-9D8F-4426A155530D}"
EndProject
Global
	GlobalSection(TeamFoundationVersionControl) = preSolution
		SccNumberOfProjects = 2
		SccEnterpriseProvider = {4CA58AB2-18FA-4F8D-95D4-32DDF27D184C}
		SccTeamFoundationServer = http://sbknwstfs1:8080/tfs/defaultcollection
		SccLocalPath0 = .
		SccProjectUniqueName1 = Website\\Website.csproj
		SccProjectName1 = Website
		SccLocalPath1 = Website
	EndGlobalSection
	GlobalSection(SolutionConfigurationPlatforms) = preSolution
		Debug|Any CPU = Debug|Any CPU
		Release|Any CPU = Release|Any CPU
	EndGlobalSection
	GlobalSection(ProjectConfigurationPlatforms) = postSolution
		{91B09179-8BB5-4A39-9D8F-4426A155530D}.Debug|Any CPU.ActiveCfg = Debug|Any CPU
		{91B09179-8BB5-4A39-9D8F-4426A155530D}.Debug|Any CPU.Build.0 = Debug|Any CPU
		{91B09179-8BB5-4A39-9D8F-4426A155530D}.Release|Any CPU.ActiveCfg = Release|Any CPU
		{91B09179-8BB5-4A39-9D8F-4426A155530D}.Release|Any CPU.Build.0 = Release|Any CPU
	EndGlobalSection
	GlobalSection(SolutionProperties) = preSolution
		HideSolutionNode = FALSE
	EndGlobalSection
EndGlobal
