
Microsoft Visual Studio Solution File, Format Version 12.00
# Visual Studio 2012
Project("{FAE04EC0-301F-11D3-BF4B-00C04F79EFBC}") = "Website", "Website\Website.csproj", "{91B09179-8BB5-4A39-9D8F-4426A155530D}"
EndProject
Project("{FAE04EC0-301F-11D3-BF4B-00C04F79EFBC}") = "DowJones.Dash.Components", "DowJones.Dash.Components\DowJones.Dash.Components.csproj", "{973B633A-E26B-4990-BF22-95847CDB1B40}"
EndProject
Project("{FAE04EC0-301F-11D3-BF4B-00C04F79EFBC}") = "DowJones.Dash.Components.Models", "DowJones.Dash.Components.Models\DowJones.Dash.Components.Models.csproj", "{E42D79E9-E80A-46C1-B987-EF45A0830C7E}"
EndProject
Project("{2150E333-8FDC-42A3-9474-1A3956D46DE8}") = "Solution Items", "Solution Items", "{60BED846-1405-4127-AF84-9CBF48D1ADCC}"
	ProjectSection(SolutionItems) = preProject
		deploy.proj = deploy.proj
		Performance1.psess = Performance1.psess
	EndProjectSection
EndProject
Project("{FAE04EC0-301F-11D3-BF4B-00C04F79EFBC}") = "DowJones.Dash.Common", "DowJones.Dash.Common\DowJones.Dash.Common.csproj", "{0FC55532-400C-44E6-9392-563FF4600842}"
EndProject
Project("{FAE04EC0-301F-11D3-BF4B-00C04F79EFBC}") = "DowJones.Dash.DataSourcesServer", "DowJones.Dash.DataSourcesServer\DowJones.Dash.DataSourcesServer.csproj", "{5A744E40-7E60-46BF-BF72-E586DB3CC461}"
EndProject
Global
	GlobalSection(TeamFoundationVersionControl) = preSolution
		SccNumberOfProjects = 6
		SccEnterpriseProvider = {4CA58AB2-18FA-4F8D-95D4-32DDF27D184C}
		SccTeamFoundationServer = http://sbknwstfs1:8080/tfs/defaultcollection
		SccLocalPath0 = .
		SccProjectUniqueName1 = Website\\Website.csproj
		SccProjectName1 = Website
		SccLocalPath1 = Website
		SccProjectUniqueName2 = DowJones.Dash.Components\\DowJones.Dash.Components.csproj
		SccProjectName2 = DowJones.Dash.Components
		SccLocalPath2 = DowJones.Dash.Components
		SccProjectUniqueName3 = DowJones.Dash.Components.Models\\DowJones.Dash.Components.Models.csproj
		SccProjectName3 = DowJones.Dash.Components.Models
		SccLocalPath3 = DowJones.Dash.Components.Models
		SccProjectUniqueName4 = DowJones.Dash.Common\\DowJones.Dash.Common.csproj
		SccProjectName4 = DowJones.Dash.Common
		SccLocalPath4 = DowJones.Dash.Common
		SccProjectUniqueName5 = DowJones.Dash.DataSourcesServer\\DowJones.Dash.DataSourcesServer.csproj
		SccProjectName5 = DowJones.Dash.DataSourcesServer
		SccLocalPath5 = DowJones.Dash.DataSourcesServer
	EndGlobalSection
	GlobalSection(SolutionConfigurationPlatforms) = preSolution
		DashDev|Any CPU = DashDev|Any CPU
		Debug|Any CPU = Debug|Any CPU
		Release|Any CPU = Release|Any CPU
	EndGlobalSection
	GlobalSection(ProjectConfigurationPlatforms) = postSolution
		{91B09179-8BB5-4A39-9D8F-4426A155530D}.DashDev|Any CPU.ActiveCfg = DashDev|Any CPU
		{91B09179-8BB5-4A39-9D8F-4426A155530D}.DashDev|Any CPU.Build.0 = DashDev|Any CPU
		{91B09179-8BB5-4A39-9D8F-4426A155530D}.Debug|Any CPU.ActiveCfg = Debug|Any CPU
		{91B09179-8BB5-4A39-9D8F-4426A155530D}.Debug|Any CPU.Build.0 = Debug|Any CPU
		{91B09179-8BB5-4A39-9D8F-4426A155530D}.Release|Any CPU.ActiveCfg = Release|Any CPU
		{91B09179-8BB5-4A39-9D8F-4426A155530D}.Release|Any CPU.Build.0 = Release|Any CPU
		{973B633A-E26B-4990-BF22-95847CDB1B40}.DashDev|Any CPU.ActiveCfg = DashDev|Any CPU
		{973B633A-E26B-4990-BF22-95847CDB1B40}.DashDev|Any CPU.Build.0 = DashDev|Any CPU
		{973B633A-E26B-4990-BF22-95847CDB1B40}.Debug|Any CPU.ActiveCfg = Debug|Any CPU
		{973B633A-E26B-4990-BF22-95847CDB1B40}.Debug|Any CPU.Build.0 = Debug|Any CPU
		{973B633A-E26B-4990-BF22-95847CDB1B40}.Release|Any CPU.ActiveCfg = Release|Any CPU
		{973B633A-E26B-4990-BF22-95847CDB1B40}.Release|Any CPU.Build.0 = Release|Any CPU
		{E42D79E9-E80A-46C1-B987-EF45A0830C7E}.DashDev|Any CPU.ActiveCfg = DashDev|Any CPU
		{E42D79E9-E80A-46C1-B987-EF45A0830C7E}.DashDev|Any CPU.Build.0 = DashDev|Any CPU
		{E42D79E9-E80A-46C1-B987-EF45A0830C7E}.Debug|Any CPU.ActiveCfg = Debug|Any CPU
		{E42D79E9-E80A-46C1-B987-EF45A0830C7E}.Debug|Any CPU.Build.0 = Debug|Any CPU
		{E42D79E9-E80A-46C1-B987-EF45A0830C7E}.Release|Any CPU.ActiveCfg = Release|Any CPU
		{E42D79E9-E80A-46C1-B987-EF45A0830C7E}.Release|Any CPU.Build.0 = Release|Any CPU
		{0FC55532-400C-44E6-9392-563FF4600842}.DashDev|Any CPU.ActiveCfg = DashDev|Any CPU
		{0FC55532-400C-44E6-9392-563FF4600842}.DashDev|Any CPU.Build.0 = DashDev|Any CPU
		{0FC55532-400C-44E6-9392-563FF4600842}.Debug|Any CPU.ActiveCfg = Debug|Any CPU
		{0FC55532-400C-44E6-9392-563FF4600842}.Debug|Any CPU.Build.0 = Debug|Any CPU
		{0FC55532-400C-44E6-9392-563FF4600842}.Release|Any CPU.ActiveCfg = Release|Any CPU
		{0FC55532-400C-44E6-9392-563FF4600842}.Release|Any CPU.Build.0 = Release|Any CPU
		{5A744E40-7E60-46BF-BF72-E586DB3CC461}.DashDev|Any CPU.ActiveCfg = Debug|Any CPU
		{5A744E40-7E60-46BF-BF72-E586DB3CC461}.DashDev|Any CPU.Build.0 = Debug|Any CPU
		{5A744E40-7E60-46BF-BF72-E586DB3CC461}.Debug|Any CPU.ActiveCfg = Debug|Any CPU
		{5A744E40-7E60-46BF-BF72-E586DB3CC461}.Debug|Any CPU.Build.0 = Debug|Any CPU
		{5A744E40-7E60-46BF-BF72-E586DB3CC461}.Release|Any CPU.ActiveCfg = Release|Any CPU
		{5A744E40-7E60-46BF-BF72-E586DB3CC461}.Release|Any CPU.Build.0 = Release|Any CPU
	EndGlobalSection
	GlobalSection(SolutionProperties) = preSolution
		HideSolutionNode = FALSE
	EndGlobalSection
EndGlobal
